
Microsoft Visual Studio Solution File, Format Version 12.00
Project("{FAE04EC0-301F-11D3-BF4B-00C04F79EFBC}") = "AsPerSTR", "AsPerSTR\AsPerSTR.csproj", "{F4DA205B-EA7A-4491-ADDE-050D72213FBE}"
EndProject
Global
	GlobalSection(SolutionConfigurationPlatforms) = preSolution
		Debug|Any CPU = Debug|Any CPU
		Release|Any CPU = Release|Any CPU
	EndGlobalSection
	GlobalSection(ProjectConfigurationPlatforms) = postSolution
		{F4DA205B-EA7A-4491-ADDE-050D72213FBE}.Debug|Any CPU.ActiveCfg = Debug|Any CPU
		{F4DA205B-EA7A-4491-ADDE-050D72213FBE}.Debug|Any CPU.Build.0 = Debug|Any CPU
		{F4DA205B-EA7A-4491-ADDE-050D72213FBE}.Release|Any CPU.ActiveCfg = Release|Any CPU
		{F4DA205B-EA7A-4491-ADDE-050D72213FBE}.Release|Any CPU.Build.0 = Release|Any CPU
	EndGlobalSection
EndGlobal
